
Microsoft Visual Studio Solution File, Format Version 12.00
# Visual Studio Version 17
VisualStudioVersion = 17.13.35919.96 d17.13
MinimumVisualStudioVersion = 10.0.40219.1
Project("{FAE04EC0-301F-11D3-BF4B-00C04F79EFBC}") = "ManagementSystem_03", "ManagementSystem_03\ManagementSystem_03.csproj", "{88EEC66C-6E13-4AEB-BF7E-8F2CE2DC0FD4}"
EndProject
Global
	GlobalSection(SolutionConfigurationPlatforms) = preSolution
		Debug|Any CPU = Debug|Any CPU
		Release|Any CPU = Release|Any CPU
	EndGlobalSection
	GlobalSection(ProjectConfigurationPlatforms) = postSolution
		{88EEC66C-6E13-4AEB-BF7E-8F2CE2DC0FD4}.Debug|Any CPU.ActiveCfg = Debug|Any CPU
		{88EEC66C-6E13-4AEB-BF7E-8F2CE2DC0FD4}.Debug|Any CPU.Build.0 = Debug|Any CPU
		{88EEC66C-6E13-4AEB-BF7E-8F2CE2DC0FD4}.Release|Any CPU.ActiveCfg = Release|Any CPU
		{88EEC66C-6E13-4AEB-BF7E-8F2CE2DC0FD4}.Release|Any CPU.Build.0 = Release|Any CPU
	EndGlobalSection
	GlobalSection(SolutionProperties) = preSolution
		HideSolutionNode = FALSE
	EndGlobalSection
	GlobalSection(ExtensibilityGlobals) = postSolution
		SolutionGuid = {D72A4824-2229-45AB-BE90-95975F0B475B}
	EndGlobalSection
EndGlobal
